
Microsoft Visual Studio Solution File, Format Version 12.00
# Visual Studio Version 16
VisualStudioVersion = 16.0.30503.244
MinimumVisualStudioVersion = 10.0.40219.1
Project("{FAE04EC0-301F-11D3-BF4B-00C04F79EFBC}") = "MyScriptureJournal", "MyScriptureJournal.csproj", "{C5078474-CA15-4FA5-B10F-3A01BC2FBCB5}"
EndProject
Global
	GlobalSection(SolutionConfigurationPlatforms) = preSolution
		Debug|Any CPU = Debug|Any CPU
		Release|Any CPU = Release|Any CPU
	EndGlobalSection
	GlobalSection(ProjectConfigurationPlatforms) = postSolution
		{C5078474-CA15-4FA5-B10F-3A01BC2FBCB5}.Debug|Any CPU.ActiveCfg = Debug|Any CPU
		{C5078474-CA15-4FA5-B10F-3A01BC2FBCB5}.Debug|Any CPU.Build.0 = Debug|Any CPU
		{C5078474-CA15-4FA5-B10F-3A01BC2FBCB5}.Release|Any CPU.ActiveCfg = Release|Any CPU
		{C5078474-CA15-4FA5-B10F-3A01BC2FBCB5}.Release|Any CPU.Build.0 = Release|Any CPU
	EndGlobalSection
	GlobalSection(SolutionProperties) = preSolution
		HideSolutionNode = FALSE
	EndGlobalSection
	GlobalSection(ExtensibilityGlobals) = postSolution
		SolutionGuid = {2C04D244-2BB3-4546-9207-DDA5EF76A100}
	EndGlobalSection
EndGlobal
