
Microsoft Visual Studio Solution File, Format Version 12.00
# Visual Studio Version 16
VisualStudioVersion = 16.0.30503.244
MinimumVisualStudioVersion = 10.0.40219.1
Project("{FAE04EC0-301F-11D3-BF4B-00C04F79EFBC}") = "MegaDesk-Lewis", "MegaDesk-Lewis\MegaDesk-Lewis.csproj", "{125926CB-2AE4-45EE-80DC-10BAFF5CB623}"
EndProject
Global
	GlobalSection(SolutionConfigurationPlatforms) = preSolution
		Debug|Any CPU = Debug|Any CPU
		Release|Any CPU = Release|Any CPU
	EndGlobalSection
	GlobalSection(ProjectConfigurationPlatforms) = postSolution
		{125926CB-2AE4-45EE-80DC-10BAFF5CB623}.Debug|Any CPU.ActiveCfg = Debug|Any CPU
		{125926CB-2AE4-45EE-80DC-10BAFF5CB623}.Debug|Any CPU.Build.0 = Debug|Any CPU
		{125926CB-2AE4-45EE-80DC-10BAFF5CB623}.Release|Any CPU.ActiveCfg = Release|Any CPU
		{125926CB-2AE4-45EE-80DC-10BAFF5CB623}.Release|Any CPU.Build.0 = Release|Any CPU
	EndGlobalSection
	GlobalSection(SolutionProperties) = preSolution
		HideSolutionNode = FALSE
	EndGlobalSection
	GlobalSection(ExtensibilityGlobals) = postSolution
		SolutionGuid = {298C72D7-9F67-445B-9D15-585C23868602}
	EndGlobalSection
EndGlobal
