
Microsoft Visual Studio Solution File, Format Version 12.00
# Visual Studio Version 16
VisualStudioVersion = 16.0.30711.63
MinimumVisualStudioVersion = 10.0.40219.1
Project("{FAE04EC0-301F-11D3-BF4B-00C04F79EFBC}") = "ContosoUniversity", "ContosoUniversity.csproj", "{CAEDA7CC-BE7E-4CEF-9B86-CE99D11AA32E}"
EndProject
Global
	GlobalSection(SolutionConfigurationPlatforms) = preSolution
		Debug|Any CPU = Debug|Any CPU
		Release|Any CPU = Release|Any CPU
	EndGlobalSection
	GlobalSection(ProjectConfigurationPlatforms) = postSolution
		{CAEDA7CC-BE7E-4CEF-9B86-CE99D11AA32E}.Debug|Any CPU.ActiveCfg = Debug|Any CPU
		{CAEDA7CC-BE7E-4CEF-9B86-CE99D11AA32E}.Debug|Any CPU.Build.0 = Debug|Any CPU
		{CAEDA7CC-BE7E-4CEF-9B86-CE99D11AA32E}.Release|Any CPU.ActiveCfg = Release|Any CPU
		{CAEDA7CC-BE7E-4CEF-9B86-CE99D11AA32E}.Release|Any CPU.Build.0 = Release|Any CPU
	EndGlobalSection
	GlobalSection(SolutionProperties) = preSolution
		HideSolutionNode = FALSE
	EndGlobalSection
	GlobalSection(ExtensibilityGlobals) = postSolution
		SolutionGuid = {CD2776CE-613C-40A2-A9BE-E39F72507EBA}
	EndGlobalSection
EndGlobal
